{
  "lockfileVersion": 1,
  "workspaces": {
    "": {
      "name": "calc-app",
      "dependencies": {
        "react": "^19.0.0",
        "react-dom": "^19.0.0",
      },
      "devDependencies": {
        "@tailwindcss/vite": "^4.0.1",
        "@testing-library/react": "^16.2.0",
        "@types/bun": "^1.2.1",
        "@types/react": "^19.0.8",
        "@types/react-dom": "^19.0.3",
        "@vitejs/plugin-react-swc": "^3.7.2",
        "clsx": "^2.1.1",
        "derive-valtio": "^0.2.0",
        "globals": "^15.14.0",
        "happy-dom": "^16.7.3",
        "immer": "^10.1.1",
        "lucide-react": "^0.474.0",
        "nanoid": "^5.0.9",
        "react-router-dom": "^7.1.3",
        "signia": "^0.1.5",
        "tailwindcss": "^4.0.1",
        "typescript": "^5.7.3",
        "valtio": "^2.1.3",
        "vite": "^6.0.11",
        "vitest": "^3.0.4",
        "zod": "^3.24.1",
        "zustand": "^5.0.3",
      },
    },
  },
  "packages": {
    "@babel/code-frame": ["@babel/code-frame@7.26.2", "", { "dependencies": { "@babel/helper-validator-identifier": "^7.25.9", "js-tokens": "^4.0.0", "picocolors": "^1.0.0" } }, "sha512-RJlIHRueQgwWitWgF8OdFYGZX328Ax5BCemNGlqHfplnRT9ESi8JkFlvaVYbS+UubVY6dpv87Fs2u5M29iNFVQ=="],

    "@babel/helper-validator-identifier": ["@babel/helper-validator-identifier@7.25.9", "", {}, "sha512-Ed61U6XJc3CVRfkERJWDz4dJwKe7iLmmJsbOGu9wSloNSFttHV0I8g6UAgb7qnK5ly5bGLPd4oXZlxCdANBOWQ=="],

    "@babel/runtime": ["@babel/runtime@7.26.7", "", { "dependencies": { "regenerator-runtime": "^0.14.0" } }, "sha512-AOPI3D+a8dXnja+iwsUqGRjr1BbZIe771sXdapOtYI531gSqpi92vXivKcq2asu/DFpdl1ceFAKZyRzK2PCVcQ=="],

    "@esbuild/aix-ppc64": ["@esbuild/aix-ppc64@0.24.2", "", { "os": "aix", "cpu": "ppc64" }, "sha512-thpVCb/rhxE/BnMLQ7GReQLLN8q9qbHmI55F4489/ByVg2aQaQ6kbcLb6FHkocZzQhxc4gx0sCk0tJkKBFzDhA=="],

    "@esbuild/android-arm": ["@esbuild/android-arm@0.24.2", "", { "os": "android", "cpu": "arm" }, "sha512-tmwl4hJkCfNHwFB3nBa8z1Uy3ypZpxqxfTQOcHX+xRByyYgunVbZ9MzUUfb0RxaHIMnbHagwAxuTL+tnNM+1/Q=="],

    "@esbuild/android-arm64": ["@esbuild/android-arm64@0.24.2", "", { "os": "android", "cpu": "arm64" }, "sha512-cNLgeqCqV8WxfcTIOeL4OAtSmL8JjcN6m09XIgro1Wi7cF4t/THaWEa7eL5CMoMBdjoHOTh/vwTO/o2TRXIyzg=="],

    "@esbuild/android-x64": ["@esbuild/android-x64@0.24.2", "", { "os": "android", "cpu": "x64" }, "sha512-B6Q0YQDqMx9D7rvIcsXfmJfvUYLoP722bgfBlO5cGvNVb5V/+Y7nhBE3mHV9OpxBf4eAS2S68KZztiPaWq4XYw=="],

    "@esbuild/darwin-arm64": ["@esbuild/darwin-arm64@0.24.2", "", { "os": "darwin", "cpu": "arm64" }, "sha512-kj3AnYWc+CekmZnS5IPu9D+HWtUI49hbnyqk0FLEJDbzCIQt7hg7ucF1SQAilhtYpIujfaHr6O0UHlzzSPdOeA=="],

    "@esbuild/darwin-x64": ["@esbuild/darwin-x64@0.24.2", "", { "os": "darwin", "cpu": "x64" }, "sha512-WeSrmwwHaPkNR5H3yYfowhZcbriGqooyu3zI/3GGpF8AyUdsrrP0X6KumITGA9WOyiJavnGZUwPGvxvwfWPHIA=="],

    "@esbuild/freebsd-arm64": ["@esbuild/freebsd-arm64@0.24.2", "", { "os": "freebsd", "cpu": "arm64" }, "sha512-UN8HXjtJ0k/Mj6a9+5u6+2eZ2ERD7Edt1Q9IZiB5UZAIdPnVKDoG7mdTVGhHJIeEml60JteamR3qhsr1r8gXvg=="],

    "@esbuild/freebsd-x64": ["@esbuild/freebsd-x64@0.24.2", "", { "os": "freebsd", "cpu": "x64" }, "sha512-TvW7wE/89PYW+IevEJXZ5sF6gJRDY/14hyIGFXdIucxCsbRmLUcjseQu1SyTko+2idmCw94TgyaEZi9HUSOe3Q=="],

    "@esbuild/linux-arm": ["@esbuild/linux-arm@0.24.2", "", { "os": "linux", "cpu": "arm" }, "sha512-n0WRM/gWIdU29J57hJyUdIsk0WarGd6To0s+Y+LwvlC55wt+GT/OgkwoXCXvIue1i1sSNWblHEig00GBWiJgfA=="],

    "@esbuild/linux-arm64": ["@esbuild/linux-arm64@0.24.2", "", { "os": "linux", "cpu": "arm64" }, "sha512-7HnAD6074BW43YvvUmE/35Id9/NB7BeX5EoNkK9obndmZBUk8xmJJeU7DwmUeN7tkysslb2eSl6CTrYz6oEMQg=="],

    "@esbuild/linux-ia32": ["@esbuild/linux-ia32@0.24.2", "", { "os": "linux", "cpu": "ia32" }, "sha512-sfv0tGPQhcZOgTKO3oBE9xpHuUqguHvSo4jl+wjnKwFpapx+vUDcawbwPNuBIAYdRAvIDBfZVvXprIj3HA+Ugw=="],

    "@esbuild/linux-loong64": ["@esbuild/linux-loong64@0.24.2", "", { "os": "linux", "cpu": "none" }, "sha512-CN9AZr8kEndGooS35ntToZLTQLHEjtVB5n7dl8ZcTZMonJ7CCfStrYhrzF97eAecqVbVJ7APOEe18RPI4KLhwQ=="],

    "@esbuild/linux-mips64el": ["@esbuild/linux-mips64el@0.24.2", "", { "os": "linux", "cpu": "none" }, "sha512-iMkk7qr/wl3exJATwkISxI7kTcmHKE+BlymIAbHO8xanq/TjHaaVThFF6ipWzPHryoFsesNQJPE/3wFJw4+huw=="],

    "@esbuild/linux-ppc64": ["@esbuild/linux-ppc64@0.24.2", "", { "os": "linux", "cpu": "ppc64" }, "sha512-shsVrgCZ57Vr2L8mm39kO5PPIb+843FStGt7sGGoqiiWYconSxwTiuswC1VJZLCjNiMLAMh34jg4VSEQb+iEbw=="],

    "@esbuild/linux-riscv64": ["@esbuild/linux-riscv64@0.24.2", "", { "os": "linux", "cpu": "none" }, "sha512-4eSFWnU9Hhd68fW16GD0TINewo1L6dRrB+oLNNbYyMUAeOD2yCK5KXGK1GH4qD/kT+bTEXjsyTCiJGHPZ3eM9Q=="],

    "@esbuild/linux-s390x": ["@esbuild/linux-s390x@0.24.2", "", { "os": "linux", "cpu": "s390x" }, "sha512-S0Bh0A53b0YHL2XEXC20bHLuGMOhFDO6GN4b3YjRLK//Ep3ql3erpNcPlEFed93hsQAjAQDNsvcK+hV90FubSw=="],

    "@esbuild/linux-x64": ["@esbuild/linux-x64@0.24.2", "", { "os": "linux", "cpu": "x64" }, "sha512-8Qi4nQcCTbLnK9WoMjdC9NiTG6/E38RNICU6sUNqK0QFxCYgoARqVqxdFmWkdonVsvGqWhmm7MO0jyTqLqwj0Q=="],

    "@esbuild/netbsd-arm64": ["@esbuild/netbsd-arm64@0.24.2", "", { "os": "none", "cpu": "arm64" }, "sha512-wuLK/VztRRpMt9zyHSazyCVdCXlpHkKm34WUyinD2lzK07FAHTq0KQvZZlXikNWkDGoT6x3TD51jKQ7gMVpopw=="],

    "@esbuild/netbsd-x64": ["@esbuild/netbsd-x64@0.24.2", "", { "os": "none", "cpu": "x64" }, "sha512-VefFaQUc4FMmJuAxmIHgUmfNiLXY438XrL4GDNV1Y1H/RW3qow68xTwjZKfj/+Plp9NANmzbH5R40Meudu8mmw=="],

    "@esbuild/openbsd-arm64": ["@esbuild/openbsd-arm64@0.24.2", "", { "os": "openbsd", "cpu": "arm64" }, "sha512-YQbi46SBct6iKnszhSvdluqDmxCJA+Pu280Av9WICNwQmMxV7nLRHZfjQzwbPs3jeWnuAhE9Jy0NrnJ12Oz+0A=="],

    "@esbuild/openbsd-x64": ["@esbuild/openbsd-x64@0.24.2", "", { "os": "openbsd", "cpu": "x64" }, "sha512-+iDS6zpNM6EnJyWv0bMGLWSWeXGN/HTaF/LXHXHwejGsVi+ooqDfMCCTerNFxEkM3wYVcExkeGXNqshc9iMaOA=="],

    "@esbuild/sunos-x64": ["@esbuild/sunos-x64@0.24.2", "", { "os": "sunos", "cpu": "x64" }, "sha512-hTdsW27jcktEvpwNHJU4ZwWFGkz2zRJUz8pvddmXPtXDzVKTTINmlmga3ZzwcuMpUvLw7JkLy9QLKyGpD2Yxig=="],

    "@esbuild/win32-arm64": ["@esbuild/win32-arm64@0.24.2", "", { "os": "win32", "cpu": "arm64" }, "sha512-LihEQ2BBKVFLOC9ZItT9iFprsE9tqjDjnbulhHoFxYQtQfai7qfluVODIYxt1PgdoyQkz23+01rzwNwYfutxUQ=="],

    "@esbuild/win32-ia32": ["@esbuild/win32-ia32@0.24.2", "", { "os": "win32", "cpu": "ia32" }, "sha512-q+iGUwfs8tncmFC9pcnD5IvRHAzmbwQ3GPS5/ceCyHdjXubwQWI12MKWSNSMYLJMq23/IUCvJMS76PDqXe1fxA=="],

    "@esbuild/win32-x64": ["@esbuild/win32-x64@0.24.2", "", { "os": "win32", "cpu": "x64" }, "sha512-7VTgWzgMGvup6aSqDPLiW5zHaxYJGTO4OokMjIlrCtf+VpEL+cXKtCvg723iguPYI5oaUNdS+/V7OU2gvXVWEg=="],

    "@jridgewell/sourcemap-codec": ["@jridgewell/sourcemap-codec@1.5.0", "", {}, "sha512-gv3ZRaISU3fjPAgNsriBRqGWQL6quFx04YMPW/zD8XMLsU32mhCCbfbO6KZFLjvYpCZ8zyDEgqsgf+PwPaM7GQ=="],

    "@rollup/rollup-android-arm-eabi": ["@rollup/rollup-android-arm-eabi@4.32.1", "", { "os": "android", "cpu": "arm" }, "sha512-/pqA4DmqyCm8u5YIDzIdlLcEmuvxb0v8fZdFhVMszSpDTgbQKdw3/mB3eMUHIbubtJ6F9j+LtmyCnHTEqIHyzA=="],

    "@rollup/rollup-android-arm64": ["@rollup/rollup-android-arm64@4.32.1", "", { "os": "android", "cpu": "arm64" }, "sha512-If3PDskT77q7zgqVqYuj7WG3WC08G1kwXGVFi9Jr8nY6eHucREHkfpX79c0ACAjLj3QIWKPJR7w4i+f5EdLH5Q=="],

    "@rollup/rollup-darwin-arm64": ["@rollup/rollup-darwin-arm64@4.32.1", "", { "os": "darwin", "cpu": "arm64" }, "sha512-zCpKHioQ9KgZToFp5Wvz6zaWbMzYQ2LJHQ+QixDKq52KKrF65ueu6Af4hLlLWHjX1Wf/0G5kSJM9PySW9IrvHA=="],

    "@rollup/rollup-darwin-x64": ["@rollup/rollup-darwin-x64@4.32.1", "", { "os": "darwin", "cpu": "x64" }, "sha512-sFvF+t2+TyUo/ZQqUcifrJIgznx58oFZbdHS9TvHq3xhPVL9nOp+yZ6LKrO9GWTP+6DbFtoyLDbjTpR62Mbr3Q=="],

    "@rollup/rollup-freebsd-arm64": ["@rollup/rollup-freebsd-arm64@4.32.1", "", { "os": "freebsd", "cpu": "arm64" }, "sha512-NbOa+7InvMWRcY9RG+B6kKIMD/FsnQPH0MWUvDlQB1iXnF/UcKSudCXZtv4lW+C276g3w5AxPbfry5rSYvyeYA=="],

    "@rollup/rollup-freebsd-x64": ["@rollup/rollup-freebsd-x64@4.32.1", "", { "os": "freebsd", "cpu": "x64" }, "sha512-JRBRmwvHPXR881j2xjry8HZ86wIPK2CcDw0EXchE1UgU0ubWp9nvlT7cZYKc6bkypBt745b4bglf3+xJ7hXWWw=="],

    "@rollup/rollup-linux-arm-gnueabihf": ["@rollup/rollup-linux-arm-gnueabihf@4.32.1", "", { "os": "linux", "cpu": "arm" }, "sha512-PKvszb+9o/vVdUzCCjL0sKHukEQV39tD3fepXxYrHE3sTKrRdCydI7uldRLbjLmDA3TFDmh418XH19NOsDRH8g=="],

    "@rollup/rollup-linux-arm-musleabihf": ["@rollup/rollup-linux-arm-musleabihf@4.32.1", "", { "os": "linux", "cpu": "arm" }, "sha512-9WHEMV6Y89eL606ReYowXuGF1Yb2vwfKWKdD1A5h+OYnPZSJvxbEjxTRKPgi7tkP2DSnW0YLab1ooy+i/FQp/Q=="],

    "@rollup/rollup-linux-arm64-gnu": ["@rollup/rollup-linux-arm64-gnu@4.32.1", "", { "os": "linux", "cpu": "arm64" }, "sha512-tZWc9iEt5fGJ1CL2LRPw8OttkCBDs+D8D3oEM8mH8S1ICZCtFJhD7DZ3XMGM8kpqHvhGUTvNUYVDnmkj4BDXnw=="],

    "@rollup/rollup-linux-arm64-musl": ["@rollup/rollup-linux-arm64-musl@4.32.1", "", { "os": "linux", "cpu": "arm64" }, "sha512-FTYc2YoTWUsBz5GTTgGkRYYJ5NGJIi/rCY4oK/I8aKowx1ToXeoVVbIE4LGAjsauvlhjfl0MYacxClLld1VrOw=="],

    "@rollup/rollup-linux-loongarch64-gnu": ["@rollup/rollup-linux-loongarch64-gnu@4.32.1", "", { "os": "linux", "cpu": "none" }, "sha512-F51qLdOtpS6P1zJVRzYM0v6MrBNypyPEN1GfMiz0gPu9jN8ScGaEFIZQwteSsGKg799oR5EaP7+B2jHgL+d+Kw=="],

    "@rollup/rollup-linux-powerpc64le-gnu": ["@rollup/rollup-linux-powerpc64le-gnu@4.32.1", "", { "os": "linux", "cpu": "ppc64" }, "sha512-wO0WkfSppfX4YFm5KhdCCpnpGbtgQNj/tgvYzrVYFKDpven8w2N6Gg5nB6w+wAMO3AIfSTWeTjfVe+uZ23zAlg=="],

    "@rollup/rollup-linux-riscv64-gnu": ["@rollup/rollup-linux-riscv64-gnu@4.32.1", "", { "os": "linux", "cpu": "none" }, "sha512-iWswS9cIXfJO1MFYtI/4jjlrGb/V58oMu4dYJIKnR5UIwbkzR0PJ09O0PDZT0oJ3LYWXBSWahNf/Mjo6i1E5/g=="],

    "@rollup/rollup-linux-s390x-gnu": ["@rollup/rollup-linux-s390x-gnu@4.32.1", "", { "os": "linux", "cpu": "s390x" }, "sha512-RKt8NI9tebzmEthMnfVgG3i/XeECkMPS+ibVZjZ6mNekpbbUmkNWuIN2yHsb/mBPyZke4nlI4YqIdFPgKuoyQQ=="],

    "@rollup/rollup-linux-x64-gnu": ["@rollup/rollup-linux-x64-gnu@4.32.1", "", { "os": "linux", "cpu": "x64" }, "sha512-WQFLZ9c42ECqEjwg/GHHsouij3pzLXkFdz0UxHa/0OM12LzvX7DzedlY0SIEly2v18YZLRhCRoHZDxbBSWoGYg=="],

    "@rollup/rollup-linux-x64-musl": ["@rollup/rollup-linux-x64-musl@4.32.1", "", { "os": "linux", "cpu": "x64" }, "sha512-BLoiyHDOWoS3uccNSADMza6V6vCNiphi94tQlVIL5de+r6r/CCQuNnerf+1g2mnk2b6edp5dk0nhdZ7aEjOBsA=="],

    "@rollup/rollup-win32-arm64-msvc": ["@rollup/rollup-win32-arm64-msvc@4.32.1", "", { "os": "win32", "cpu": "arm64" }, "sha512-w2l3UnlgYTNNU+Z6wOR8YdaioqfEnwPjIsJ66KxKAf0p+AuL2FHeTX6qvM+p/Ue3XPBVNyVSfCrfZiQh7vZHLQ=="],

    "@rollup/rollup-win32-ia32-msvc": ["@rollup/rollup-win32-ia32-msvc@4.32.1", "", { "os": "win32", "cpu": "ia32" }, "sha512-Am9H+TGLomPGkBnaPWie4F3x+yQ2rr4Bk2jpwy+iV+Gel9jLAu/KqT8k3X4jxFPW6Zf8OMnehyutsd+eHoq1WQ=="],

    "@rollup/rollup-win32-x64-msvc": ["@rollup/rollup-win32-x64-msvc@4.32.1", "", { "os": "win32", "cpu": "x64" }, "sha512-ar80GhdZb4DgmW3myIS9nRFYcpJRSME8iqWgzH2i44u+IdrzmiXVxeFnExQ5v4JYUSpg94bWjevMG8JHf1Da5Q=="],

    "@swc/core": ["@swc/core@1.10.12", "", { "dependencies": { "@swc/counter": "^0.1.3", "@swc/types": "^0.1.17" }, "optionalDependencies": { "@swc/core-darwin-arm64": "1.10.12", "@swc/core-darwin-x64": "1.10.12", "@swc/core-linux-arm-gnueabihf": "1.10.12", "@swc/core-linux-arm64-gnu": "1.10.12", "@swc/core-linux-arm64-musl": "1.10.12", "@swc/core-linux-x64-gnu": "1.10.12", "@swc/core-linux-x64-musl": "1.10.12", "@swc/core-win32-arm64-msvc": "1.10.12", "@swc/core-win32-ia32-msvc": "1.10.12", "@swc/core-win32-x64-msvc": "1.10.12" }, "peerDependencies": { "@swc/helpers": "*" }, "optionalPeers": ["@swc/helpers"] }, "sha512-+iUL0PYpPm6N9AdV1wvafakvCqFegQus1aoEDxgFsv3/uNVNIyRaupf/v/Zkp5hbep2EzhtoJR0aiJIzDbXWHg=="],

    "@swc/core-darwin-arm64": ["@swc/core-darwin-arm64@1.10.12", "", { "os": "darwin", "cpu": "arm64" }, "sha512-pOANQegUTAriW7jq3SSMZGM5l89yLVMs48R0F2UG6UZsH04SiViCnDctOGlA/Sa++25C+rL9MGMYM1jDLylBbg=="],

    "@swc/core-darwin-x64": ["@swc/core-darwin-x64@1.10.12", "", { "os": "darwin", "cpu": "x64" }, "sha512-m4kbpIDDsN1FrwfNQMU+FTrss356xsXvatLbearwR+V0lqOkjLBP0VmRvQfHEg+uy13VPyrT9gj4HLoztlci7w=="],

    "@swc/core-linux-arm-gnueabihf": ["@swc/core-linux-arm-gnueabihf@1.10.12", "", { "os": "linux", "cpu": "arm" }, "sha512-OY9LcupgqEu8zVK+rJPes6LDJJwPDmwaShU96beTaxX2K6VrXbpwm5WbPS/8FfQTsmpnuA7dCcMPUKhNgmzTrQ=="],

    "@swc/core-linux-arm64-gnu": ["@swc/core-linux-arm64-gnu@1.10.12", "", { "os": "linux", "cpu": "arm64" }, "sha512-nJD587rO0N4y4VZszz3xzVr7JIiCzSMhEMWnPjuh+xmPxDBz0Qccpr8xCr1cSxpl1uY7ERkqAGlKr6CwoV5kVg=="],

    "@swc/core-linux-arm64-musl": ["@swc/core-linux-arm64-musl@1.10.12", "", { "os": "linux", "cpu": "arm64" }, "sha512-oqhSmV+XauSf0C//MoQnVErNUB/5OzmSiUzuazyLsD5pwqKNN+leC3JtRQ/QVzaCpr65jv9bKexT9+I2Tt3xDw=="],

    "@swc/core-linux-x64-gnu": ["@swc/core-linux-x64-gnu@1.10.12", "", { "os": "linux", "cpu": "x64" }, "sha512-XldSIHyjD7m1Gh+/8rxV3Ok711ENLI420CU2EGEqSe3VSGZ7pHJvJn9ZFbYpWhsLxPqBYMFjp3Qw+J6OXCPXCA=="],

    "@swc/core-linux-x64-musl": ["@swc/core-linux-x64-musl@1.10.12", "", { "os": "linux", "cpu": "x64" }, "sha512-wvPXzJxzPgTqhyp1UskOx1hRTtdWxlyFD1cGWOxgLsMik0V9xKRgqKnMPv16Nk7L9xl6quQ6DuUHj9ID7L3oVw=="],

    "@swc/core-win32-arm64-msvc": ["@swc/core-win32-arm64-msvc@1.10.12", "", { "os": "win32", "cpu": "arm64" }, "sha512-TUYzWuu1O7uyIcRfxdm6Wh1u+gNnrW5M1DUgDOGZLsyQzgc2Zjwfh2llLhuAIilvCVg5QiGbJlpibRYJ/8QGsg=="],

    "@swc/core-win32-ia32-msvc": ["@swc/core-win32-ia32-msvc@1.10.12", "", { "os": "win32", "cpu": "ia32" }, "sha512-4Qrw+0Xt+Fe2rz4OJ/dEPMeUf/rtuFWWAj/e0vL7J5laUHirzxawLRE5DCJLQTarOiYR6mWnmadt9o3EKzV6Xg=="],

    "@swc/core-win32-x64-msvc": ["@swc/core-win32-x64-msvc@1.10.12", "", { "os": "win32", "cpu": "x64" }, "sha512-YiloZXLW7rUxJpALwHXaGjVaAEn+ChoblG7/3esque+Y7QCyheoBUJp2DVM1EeVA43jBfZ8tvYF0liWd9Tpz1A=="],

    "@swc/counter": ["@swc/counter@0.1.3", "", {}, "sha512-e2BR4lsJkkRlKZ/qCHPw9ZaSxc0MVUd7gtbtaB7aMvHeJVYe8sOB8DBZkP2DtISHGSku9sCK6T6cnY0CtXrOCQ=="],

    "@swc/types": ["@swc/types@0.1.17", "", { "dependencies": { "@swc/counter": "^0.1.3" } }, "sha512-V5gRru+aD8YVyCOMAjMpWR1Ui577DD5KSJsHP8RAxopAH22jFz6GZd/qxqjO6MJHQhcsjvjOFXyDhyLQUnMveQ=="],

    "@tailwindcss/node": ["@tailwindcss/node@4.0.1", "", { "dependencies": { "enhanced-resolve": "^5.18.0", "jiti": "^2.4.2", "tailwindcss": "4.0.1" } }, "sha512-lc+ly6PKHqgCVl7eO8D2JlV96Lks5bmL6pdtM6UasyUHLU2zmrOqU6jfgln120IVnCh3VC8GG/ca24xVTtSokw=="],

    "@tailwindcss/oxide": ["@tailwindcss/oxide@4.0.1", "", { "optionalDependencies": { "@tailwindcss/oxide-android-arm64": "4.0.1", "@tailwindcss/oxide-darwin-arm64": "4.0.1", "@tailwindcss/oxide-darwin-x64": "4.0.1", "@tailwindcss/oxide-freebsd-x64": "4.0.1", "@tailwindcss/oxide-linux-arm-gnueabihf": "4.0.1", "@tailwindcss/oxide-linux-arm64-gnu": "4.0.1", "@tailwindcss/oxide-linux-arm64-musl": "4.0.1", "@tailwindcss/oxide-linux-x64-gnu": "4.0.1", "@tailwindcss/oxide-linux-x64-musl": "4.0.1", "@tailwindcss/oxide-win32-arm64-msvc": "4.0.1", "@tailwindcss/oxide-win32-x64-msvc": "4.0.1" } }, "sha512-3z1SpWoDeaA6K6jd92CRrGyDghOcRILEgyWVHRhaUm/tcpiazwJpU9BSG0xB7GGGnl9capojaC+zme/nKsZd/w=="],

    "@tailwindcss/oxide-android-arm64": ["@tailwindcss/oxide-android-arm64@4.0.1", "", { "os": "android", "cpu": "arm64" }, "sha512-eP/rI9WaAElpeiiHDqGtDqga9iDsOClXxIqdHayHsw93F24F03b60CwgGhrGF9Io/EuWIpz3TMRhPVOLhoXivw=="],

    "@tailwindcss/oxide-darwin-arm64": ["@tailwindcss/oxide-darwin-arm64@4.0.1", "", { "os": "darwin", "cpu": "arm64" }, "sha512-jZVUo0kNd1IjxdCYwg4dwegDNsq7PoUx4LM814RmgY3gfJ63Y6GlpJXHOpd5FLv1igpeZox5LzRk2oz8MQoJwQ=="],

    "@tailwindcss/oxide-darwin-x64": ["@tailwindcss/oxide-darwin-x64@4.0.1", "", { "os": "darwin", "cpu": "x64" }, "sha512-E31wHiIf4LB0aKRohrS4U6XfFSACCL9ifUFfPQ16FhcBIL4wU5rcBidvWvT9TQFGPkpE69n5dyXUcqiMrnF/Ig=="],

    "@tailwindcss/oxide-freebsd-x64": ["@tailwindcss/oxide-freebsd-x64@4.0.1", "", { "os": "freebsd", "cpu": "x64" }, "sha512-8/3ZKLMYqgAsBzTeczOKWtT4geF02g9S7cntY5gvqQZ4E0ImX724cHcZJi9k6fkE6aLbvwxxHxaShFvRxblwKQ=="],

    "@tailwindcss/oxide-linux-arm-gnueabihf": ["@tailwindcss/oxide-linux-arm-gnueabihf@4.0.1", "", { "os": "linux", "cpu": "arm" }, "sha512-EYjbh225klQfWzy6LeIAfdjHCK+p71yLV/GjdPNW47Bfkkq05fTzIhHhCgshUvNp78EIA33iQU+ktWpW06NgHw=="],

    "@tailwindcss/oxide-linux-arm64-gnu": ["@tailwindcss/oxide-linux-arm64-gnu@4.0.1", "", { "os": "linux", "cpu": "arm64" }, "sha512-PrX2SwIqWNP5cYeSyQfrhbk4ffOM338T6CrEwIAGvLPoUZiklt19yknlsBme6bReSw7TSAMy+8KFdLLi5fcWNQ=="],

    "@tailwindcss/oxide-linux-arm64-musl": ["@tailwindcss/oxide-linux-arm64-musl@4.0.1", "", { "os": "linux", "cpu": "arm64" }, "sha512-iuoFGhKDojtfloi5uj6MIk4kxEOGcsAk/kPbZItF9Dp7TnzVhxo2U/718tXhxGrg6jSL3ST3cQHIjA6yw3OeXw=="],

    "@tailwindcss/oxide-linux-x64-gnu": ["@tailwindcss/oxide-linux-x64-gnu@4.0.1", "", { "os": "linux", "cpu": "x64" }, "sha512-pNUrGQYyE8RK+N9yvkPmHnlKDfFbni9A3lsi37u4RoA/6Yn+zWVoegvAQMZu3w+jqnpb2A/bYJ+LumcclUZ3yg=="],

    "@tailwindcss/oxide-linux-x64-musl": ["@tailwindcss/oxide-linux-x64-musl@4.0.1", "", { "os": "linux", "cpu": "x64" }, "sha512-xSGWaDcT6SJ75su9zWXj8GYb2jM/przXwZGH96RTS7HGDIoI1tvgpls88YajG5Sx7hXaqAWCufjw5L/dlu+lzg=="],

    "@tailwindcss/oxide-win32-arm64-msvc": ["@tailwindcss/oxide-win32-arm64-msvc@4.0.1", "", { "os": "win32", "cpu": "arm64" }, "sha512-BUNL2isUZ2yWnbplPddggJpZxsqGHPZ1RJAYpu63W4znUnKCzI4m/jiy0WpyYqqOKL9jDM5q0QdsQ9mc3aw5YQ=="],

    "@tailwindcss/oxide-win32-x64-msvc": ["@tailwindcss/oxide-win32-x64-msvc@4.0.1", "", { "os": "win32", "cpu": "x64" }, "sha512-ZtcVu+XXOddGsPlvO5nh2fnbKmwly2C07ZB1lcYCf/b8qIWF04QY9o6vy6/+6ioLRfbp3E7H/ipFio38DZX4oQ=="],

    "@tailwindcss/vite": ["@tailwindcss/vite@4.0.1", "", { "dependencies": { "@tailwindcss/node": "^4.0.1", "@tailwindcss/oxide": "^4.0.1", "lightningcss": "^1.29.1", "tailwindcss": "4.0.1" }, "peerDependencies": { "vite": "^5.2.0 || ^6" } }, "sha512-ZkwMBA7uR+nyrafIZI8ce3PduE0dDVFVmxmInCUPTN17Jgy6RfEPXzqtL5fz658eDDxKa5xZ+gmiTt+5AMD0pw=="],

    "@testing-library/dom": ["@testing-library/dom@10.4.0", "", { "dependencies": { "@babel/code-frame": "^7.10.4", "@babel/runtime": "^7.12.5", "@types/aria-query": "^5.0.1", "aria-query": "5.3.0", "chalk": "^4.1.0", "dom-accessibility-api": "^0.5.9", "lz-string": "^1.5.0", "pretty-format": "^27.0.2" } }, "sha512-pemlzrSESWbdAloYml3bAJMEfNh1Z7EduzqPKprCH5S341frlpYnUEW0H72dLxa6IsYr+mPno20GiSm+h9dEdQ=="],

    "@testing-library/react": ["@testing-library/react@16.2.0", "", { "dependencies": { "@babel/runtime": "^7.12.5" }, "peerDependencies": { "@testing-library/dom": "^10.0.0", "@types/react": "^18.0.0 || ^19.0.0", "@types/react-dom": "^18.0.0 || ^19.0.0", "react": "^18.0.0 || ^19.0.0", "react-dom": "^18.0.0 || ^19.0.0" }, "optionalPeers": ["@types/react", "@types/react-dom"] }, "sha512-2cSskAvA1QNtKc8Y9VJQRv0tm3hLVgxRGDB+KYhIaPQJ1I+RHbhIXcM+zClKXzMes/wshsMVzf4B9vS4IZpqDQ=="],

    "@types/aria-query": ["@types/aria-query@5.0.4", "", {}, "sha512-rfT93uj5s0PRL7EzccGMs3brplhcrghnDoV26NqKhCAS1hVo+WdNsPvE/yb6ilfr5hi2MEk6d5EWJTKdxg8jVw=="],

    "@types/bun": ["@types/bun@1.2.1", "", { "dependencies": { "bun-types": "1.2.1" } }, "sha512-iiCeMAKMkft8EPQJxSbpVRD0DKqrh91w40zunNajce3nMNNFd/LnAquVisSZC+UpTMjDwtcdyzbWct08IvEqRA=="],

    "@types/cookie": ["@types/cookie@0.6.0", "", {}, "sha512-4Kh9a6B2bQciAhf7FSuMRRkUWecJgJu9nPnx3yzpsfXX/c50REIqpHY4C82bXP90qrLtXtkDxTZosYO3UpOwlA=="],

    "@types/estree": ["@types/estree@1.0.6", "", {}, "sha512-AYnb1nQyY49te+VRAVgmzfcgjYS91mY5P0TKUDCLEM+gNnA+3T6rWITXRLYCpahpqSQbN5cE+gHpnPyXjHWxcw=="],

    "@types/node": ["@types/node@22.12.0", "", { "dependencies": { "undici-types": "~6.20.0" } }, "sha512-Fll2FZ1riMjNmlmJOdAyY5pUbkftXslB5DgEzlIuNaiWhXd00FhWxVC/r4yV/4wBb9JfImTu+jiSvXTkJ7F/gA=="],

    "@types/react": ["@types/react@19.0.8", "", { "dependencies": { "csstype": "^3.0.2" } }, "sha512-9P/o1IGdfmQxrujGbIMDyYaaCykhLKc0NGCtYcECNUr9UAaDe4gwvV9bR6tvd5Br1SG0j+PBpbKr2UYY8CwqSw=="],

    "@types/react-dom": ["@types/react-dom@19.0.3", "", { "peerDependencies": { "@types/react": "^19.0.0" } }, "sha512-0Knk+HJiMP/qOZgMyNFamlIjw9OFCsyC2ZbigmEEyXXixgre6IQpm/4V+r3qH4GC1JPvRJKInw+on2rV6YZLeA=="],

    "@types/ws": ["@types/ws@8.5.14", "", { "dependencies": { "@types/node": "*" } }, "sha512-bd/YFLW+URhBzMXurx7lWByOu+xzU9+kb3RboOteXYDfW+tr+JZa99OyNmPINEGB/ahzKrEuc8rcv4gnpJmxTw=="],

    "@vitejs/plugin-react-swc": ["@vitejs/plugin-react-swc@3.7.2", "", { "dependencies": { "@swc/core": "^1.7.26" }, "peerDependencies": { "vite": "^4 || ^5 || ^6" } }, "sha512-y0byko2b2tSVVf5Gpng1eEhX1OvPC7x8yns1Fx8jDzlJp4LS6CMkCPfLw47cjyoMrshQDoQw4qcgjsU9VvlCew=="],

    "@vitest/expect": ["@vitest/expect@3.0.4", "", { "dependencies": { "@vitest/spy": "3.0.4", "@vitest/utils": "3.0.4", "chai": "^5.1.2", "tinyrainbow": "^2.0.0" } }, "sha512-Nm5kJmYw6P2BxhJPkO3eKKhGYKRsnqJqf+r0yOGRKpEP+bSCBDsjXgiu1/5QFrnPMEgzfC38ZEjvCFgaNBC0Eg=="],

    "@vitest/mocker": ["@vitest/mocker@3.0.4", "", { "dependencies": { "@vitest/spy": "3.0.4", "estree-walker": "^3.0.3", "magic-string": "^0.30.17" }, "peerDependencies": { "msw": "^2.4.9", "vite": "^5.0.0 || ^6.0.0" }, "optionalPeers": ["msw", "vite"] }, "sha512-gEef35vKafJlfQbnyOXZ0Gcr9IBUsMTyTLXsEQwuyYAerpHqvXhzdBnDFuHLpFqth3F7b6BaFr4qV/Cs1ULx5A=="],

    "@vitest/pretty-format": ["@vitest/pretty-format@3.0.4", "", { "dependencies": { "tinyrainbow": "^2.0.0" } }, "sha512-ts0fba+dEhK2aC9PFuZ9LTpULHpY/nd6jhAQ5IMU7Gaj7crPCTdCFfgvXxruRBLFS+MLraicCuFXxISEq8C93g=="],

    "@vitest/runner": ["@vitest/runner@3.0.4", "", { "dependencies": { "@vitest/utils": "3.0.4", "pathe": "^2.0.2" } }, "sha512-dKHzTQ7n9sExAcWH/0sh1elVgwc7OJ2lMOBrAm73J7AH6Pf9T12Zh3lNE1TETZaqrWFXtLlx3NVrLRb5hCK+iw=="],

    "@vitest/snapshot": ["@vitest/snapshot@3.0.4", "", { "dependencies": { "@vitest/pretty-format": "3.0.4", "magic-string": "^0.30.17", "pathe": "^2.0.2" } }, "sha512-+p5knMLwIk7lTQkM3NonZ9zBewzVp9EVkVpvNta0/PlFWpiqLaRcF4+33L1it3uRUCh0BGLOaXPPGEjNKfWb4w=="],

    "@vitest/spy": ["@vitest/spy@3.0.4", "", { "dependencies": { "tinyspy": "^3.0.2" } }, "sha512-sXIMF0oauYyUy2hN49VFTYodzEAu744MmGcPR3ZBsPM20G+1/cSW/n1U+3Yu/zHxX2bIDe1oJASOkml+osTU6Q=="],

    "@vitest/utils": ["@vitest/utils@3.0.4", "", { "dependencies": { "@vitest/pretty-format": "3.0.4", "loupe": "^3.1.2", "tinyrainbow": "^2.0.0" } }, "sha512-8BqC1ksYsHtbWH+DfpOAKrFw3jl3Uf9J7yeFh85Pz52IWuh1hBBtyfEbRNNZNjl8H8A5yMLH9/t+k7HIKzQcZQ=="],

    "ansi-regex": ["ansi-regex@5.0.1", "", {}, "sha512-quJQXlTSUGL2LH9SUXo8VwsY4soanhgo6LNSm84E1LBcE8s3O0wpdiRzyR9z/ZZJMlMWv37qOOb9pdJlMUEKFQ=="],

    "ansi-styles": ["ansi-styles@4.3.0", "", { "dependencies": { "color-convert": "^2.0.1" } }, "sha512-zbB9rCJAT1rbjiVDb2hqKFHNYLxgtk8NURxZ3IZwD3F6NtxbXZQCnnSi1Lkx+IDohdPlFp222wVALIheZJQSEg=="],

    "aria-query": ["aria-query@5.3.0", "", { "dependencies": { "dequal": "^2.0.3" } }, "sha512-b0P0sZPKtyu8HkeRAfCq0IfURZK+SuwMjY1UXGBU27wpAiTwQAIlq56IbIO+ytk/JjS1fMR14ee5WBBfKi5J6A=="],

    "assertion-error": ["assertion-error@2.0.1", "", {}, "sha512-Izi8RQcffqCeNVgFigKli1ssklIbpHnCYc6AknXGYoB6grJqyeby7jv12JUQgmTAnIDnbck1uxksT4dzN3PWBA=="],

    "bun-types": ["bun-types@1.2.1", "", { "dependencies": { "@types/node": "*", "@types/ws": "~8.5.10" } }, "sha512-p7bmXUWmrPWxhcbFVk7oUXM5jAGt94URaoa3qf4mz43MEhNAo/ot1urzBqctgvuq7y9YxkuN51u+/qm4BiIsHw=="],

    "cac": ["cac@6.7.14", "", {}, "sha512-b6Ilus+c3RrdDk+JhLKUAQfzzgLEPy6wcXqS7f/xe1EETvsDP6GORG7SFuOs6cID5YkqchW/LXZbX5bc8j7ZcQ=="],

    "chai": ["chai@5.1.2", "", { "dependencies": { "assertion-error": "^2.0.1", "check-error": "^2.1.1", "deep-eql": "^5.0.1", "loupe": "^3.1.0", "pathval": "^2.0.0" } }, "sha512-aGtmf24DW6MLHHG5gCx4zaI3uBq3KRtxeVs0DjFH6Z0rDNbsvTxFASFvdj79pxjxZ8/5u3PIiN3IwEIQkiiuPw=="],

    "chalk": ["chalk@4.1.2", "", { "dependencies": { "ansi-styles": "^4.1.0", "supports-color": "^7.1.0" } }, "sha512-oKnbhFyRIXpUuez8iBMmyEa4nbj4IOQyuhc/wy9kY7/WVPcwIO9VA668Pu8RkO7+0G76SLROeyw9CpQ061i4mA=="],

    "check-error": ["check-error@2.1.1", "", {}, "sha512-OAlb+T7V4Op9OwdkjmguYRqncdlx5JiofwOAUkmTF+jNdHwzTaTs4sRAGpzLF3oOz5xAyDGrPgeIDFQmDOTiJw=="],

    "clsx": ["clsx@2.1.1", "", {}, "sha512-eYm0QWBtUrBWZWG0d386OGAw16Z995PiOVo2B7bjWSbHedGl5e0ZWaq65kOGgUSNesEIDkB9ISbTg/JK9dhCZA=="],

    "color-convert": ["color-convert@2.0.1", "", { "dependencies": { "color-name": "~1.1.4" } }, "sha512-RRECPsj7iu/xb5oKYcsFHSppFNnsj/52OVTRKb4zP5onXwVF3zVmmToNcOfGC+CRDpfK/U584fMg38ZHCaElKQ=="],

    "color-name": ["color-name@1.1.4", "", {}, "sha512-dOy+3AuW3a2wNbZHIuMZpTcgjGuLU/uBL/ubcZF9OXbDo8ff4O8yVp5Bf0efS8uEoYo5q4Fx7dY9OgQGXgAsQA=="],

    "cookie": ["cookie@1.0.2", "", {}, "sha512-9Kr/j4O16ISv8zBBhJoi4bXOYNTkFLOqSL3UDB0njXxCXNezjeyVrJyGOWtgfs/q2km1gwBcfH8q1yEGoMYunA=="],

    "csstype": ["csstype@3.1.3", "", {}, "sha512-M1uQkMl8rQK/szD0LNhtqxIPLpimGm8sOBwU7lLnCpSbTyY3yeU1Vc7l4KT5zT4s/yOxHH5O7tIuuLOCnLADRw=="],

    "debug": ["debug@4.4.0", "", { "dependencies": { "ms": "^2.1.3" } }, "sha512-6WTZ/IxCY/T6BALoZHaE4ctp9xm+Z5kY/pzYaCHRFeyVhojxlrm+46y68HA6hr0TcwEssoxNiDEUJQjfPZ/RYA=="],

    "deep-eql": ["deep-eql@5.0.2", "", {}, "sha512-h5k/5U50IJJFpzfL6nO9jaaumfjO/f2NjK/oYB2Djzm4p9L+3T9qWpZqZ2hAbLPuuYq9wrU08WQyBTL5GbPk5Q=="],

    "dequal": ["dequal@2.0.3", "", {}, "sha512-0je+qPKHEMohvfRTCEo3CrPG6cAzAYgmzKyxRiYSSDkS6eGJdyVJm7WaYA5ECaAD9wLB2T4EEeymA5aFVcYXCA=="],

    "derive-valtio": ["derive-valtio@0.2.0", "", { "peerDependencies": { "valtio": ">=2.0.0-rc.0" } }, "sha512-6slhaFHtfaL3t5dLYaQt6s4G2xZymhu0Ktdl7OMeVk8+46RgR8ft6FL0Tr4F31W+yPH03nJe1SSP4JFy2hSMRA=="],

    "detect-libc": ["detect-libc@1.0.3", "", { "bin": { "detect-libc": "./bin/detect-libc.js" } }, "sha512-pGjwhsmsp4kL2RTz08wcOlGN83otlqHeD/Z5T8GXZB+/YcpQ/dgo+lbU8ZsGxV0HIvqqxo9l7mqYwyYMD9bKDg=="],

    "dom-accessibility-api": ["dom-accessibility-api@0.5.16", "", {}, "sha512-X7BJ2yElsnOJ30pZF4uIIDfBEVgF4XEBxL9Bxhy6dnrm5hkzqmsWHGTiHqRiITNhMyFLyAiWndIJP7Z1NTteDg=="],

    "enhanced-resolve": ["enhanced-resolve@5.18.0", "", { "dependencies": { "graceful-fs": "^4.2.4", "tapable": "^2.2.0" } }, "sha512-0/r0MySGYG8YqlayBZ6MuCfECmHFdJ5qyPh8s8wa5Hnm6SaFLSK1VYCbj+NKp090Nm1caZhD+QTnmxO7esYGyQ=="],

    "es-module-lexer": ["es-module-lexer@1.6.0", "", {}, "sha512-qqnD1yMU6tk/jnaMosogGySTZP8YtUgAffA9nMN+E/rjxcfRQ6IEk7IiozUjgxKoFHBGjTLnrHB/YC45r/59EQ=="],

    "esbuild": ["esbuild@0.24.2", "", { "optionalDependencies": { "@esbuild/aix-ppc64": "0.24.2", "@esbuild/android-arm": "0.24.2", "@esbuild/android-arm64": "0.24.2", "@esbuild/android-x64": "0.24.2", "@esbuild/darwin-arm64": "0.24.2", "@esbuild/darwin-x64": "0.24.2", "@esbuild/freebsd-arm64": "0.24.2", "@esbuild/freebsd-x64": "0.24.2", "@esbuild/linux-arm": "0.24.2", "@esbuild/linux-arm64": "0.24.2", "@esbuild/linux-ia32": "0.24.2", "@esbuild/linux-loong64": "0.24.2", "@esbuild/linux-mips64el": "0.24.2", "@esbuild/linux-ppc64": "0.24.2", "@esbuild/linux-riscv64": "0.24.2", "@esbuild/linux-s390x": "0.24.2", "@esbuild/linux-x64": "0.24.2", "@esbuild/netbsd-arm64": "0.24.2", "@esbuild/netbsd-x64": "0.24.2", "@esbuild/openbsd-arm64": "0.24.2", "@esbuild/openbsd-x64": "0.24.2", "@esbuild/sunos-x64": "0.24.2", "@esbuild/win32-arm64": "0.24.2", "@esbuild/win32-ia32": "0.24.2", "@esbuild/win32-x64": "0.24.2" }, "bin": { "esbuild": "bin/esbuild" } }, "sha512-+9egpBW8I3CD5XPe0n6BfT5fxLzxrlDzqydF3aviG+9ni1lDC/OvMHcxqEFV0+LANZG5R1bFMWfUrjVsdwxJvA=="],

    "estree-walker": ["estree-walker@3.0.3", "", { "dependencies": { "@types/estree": "^1.0.0" } }, "sha512-7RUKfXgSMMkzt6ZuXmqapOurLGPPfgj6l9uRZ7lRGolvk0y2yocc35LdcxKC5PQZdn2DMqioAQ2NoWcrTKmm6g=="],

    "expect-type": ["expect-type@1.1.0", "", {}, "sha512-bFi65yM+xZgk+u/KRIpekdSYkTB5W1pEf0Lt8Q8Msh7b+eQ7LXVtIB1Bkm4fvclDEL1b2CZkMhv2mOeF8tMdkA=="],

    "fsevents": ["fsevents@2.3.3", "", { "os": "darwin" }, "sha512-5xoDfX+fL7faATnagmWPpbFtwh/R77WmMMqqHGS65C3vvB0YHrgF+B1YmZ3441tMj5n63k0212XNoJwzlhffQw=="],

    "globals": ["globals@15.14.0", "", {}, "sha512-OkToC372DtlQeje9/zHIo5CT8lRP/FUgEOKBEhU4e0abL7J7CD24fD9ohiLN5hagG/kWCYj4K5oaxxtj2Z0Dig=="],

    "graceful-fs": ["graceful-fs@4.2.11", "", {}, "sha512-RbJ5/jmFcNNCcDV5o9eTnBLJ/HszWV0P73bc+Ff4nS/rJj+YaS6IGyiOL0VoBYX+l1Wrl3k63h/KrH+nhJ0XvQ=="],

    "happy-dom": ["happy-dom@16.7.3", "", { "dependencies": { "webidl-conversions": "^7.0.0", "whatwg-mimetype": "^3.0.0" } }, "sha512-76uiE9jCpC849cOyYZ8YBROpPcstW/hwCKoQYd3aiZaxHeR9zdjpup4z7qYEWbt+lY8Rb3efW2gmrckyoBftKg=="],

    "has-flag": ["has-flag@4.0.0", "", {}, "sha512-EykJT/Q1KjTWctppgIAgfSO0tKVuZUjhgMr17kqTumMl6Afv3EISleU7qZUzoXDFTAHTDC4NOoG/ZxU3EvlMPQ=="],

    "immer": ["immer@10.1.1", "", {}, "sha512-s2MPrmjovJcoMaHtx6K11Ra7oD05NT97w1IC5zpMkT6Atjr7H8LjaDd81iIxUYpMKSRRNMJE703M1Fhr/TctHw=="],

    "jiti": ["jiti@2.4.2", "", { "bin": { "jiti": "lib/jiti-cli.mjs" } }, "sha512-rg9zJN+G4n2nfJl5MW3BMygZX56zKPNVEYYqq7adpmMh4Jn2QNEwhvQlFy6jPVdcod7txZtKHWnyZiA3a0zP7A=="],

    "js-tokens": ["js-tokens@4.0.0", "", {}, "sha512-RdJUflcE3cUzKiMqQgsCu06FPu9UdIJO0beYbPhHN4k6apgJtifcoCtT9bcxOpYBtpD2kCM6Sbzg4CausW/PKQ=="],

    "lightningcss": ["lightningcss@1.29.1", "", { "dependencies": { "detect-libc": "^1.0.3" }, "optionalDependencies": { "lightningcss-darwin-arm64": "1.29.1", "lightningcss-darwin-x64": "1.29.1", "lightningcss-freebsd-x64": "1.29.1", "lightningcss-linux-arm-gnueabihf": "1.29.1", "lightningcss-linux-arm64-gnu": "1.29.1", "lightningcss-linux-arm64-musl": "1.29.1", "lightningcss-linux-x64-gnu": "1.29.1", "lightningcss-linux-x64-musl": "1.29.1", "lightningcss-win32-arm64-msvc": "1.29.1", "lightningcss-win32-x64-msvc": "1.29.1" } }, "sha512-FmGoeD4S05ewj+AkhTY+D+myDvXI6eL27FjHIjoyUkO/uw7WZD1fBVs0QxeYWa7E17CUHJaYX/RUGISCtcrG4Q=="],

    "lightningcss-darwin-arm64": ["lightningcss-darwin-arm64@1.29.1", "", { "os": "darwin", "cpu": "arm64" }, "sha512-HtR5XJ5A0lvCqYAoSv2QdZZyoHNttBpa5EP9aNuzBQeKGfbyH5+UipLWvVzpP4Uml5ej4BYs5I9Lco9u1fECqw=="],

    "lightningcss-darwin-x64": ["lightningcss-darwin-x64@1.29.1", "", { "os": "darwin", "cpu": "x64" }, "sha512-k33G9IzKUpHy/J/3+9MCO4e+PzaFblsgBjSGlpAaFikeBFm8B/CkO3cKU9oI4g+fjS2KlkLM/Bza9K/aw8wsNA=="],

    "lightningcss-freebsd-x64": ["lightningcss-freebsd-x64@1.29.1", "", { "os": "freebsd", "cpu": "x64" }, "sha512-0SUW22fv/8kln2LnIdOCmSuXnxgxVC276W5KLTwoehiO0hxkacBxjHOL5EtHD8BAXg2BvuhsJPmVMasvby3LiQ=="],

    "lightningcss-linux-arm-gnueabihf": ["lightningcss-linux-arm-gnueabihf@1.29.1", "", { "os": "linux", "cpu": "arm" }, "sha512-sD32pFvlR0kDlqsOZmYqH/68SqUMPNj+0pucGxToXZi4XZgZmqeX/NkxNKCPsswAXU3UeYgDSpGhu05eAufjDg=="],

    "lightningcss-linux-arm64-gnu": ["lightningcss-linux-arm64-gnu@1.29.1", "", { "os": "linux", "cpu": "arm64" }, "sha512-0+vClRIZ6mmJl/dxGuRsE197o1HDEeeRk6nzycSy2GofC2JsY4ifCRnvUWf/CUBQmlrvMzt6SMQNMSEu22csWQ=="],

    "lightningcss-linux-arm64-musl": ["lightningcss-linux-arm64-musl@1.29.1", "", { "os": "linux", "cpu": "arm64" }, "sha512-UKMFrG4rL/uHNgelBsDwJcBqVpzNJbzsKkbI3Ja5fg00sgQnHw/VrzUTEc4jhZ+AN2BvQYz/tkHu4vt1kLuJyw=="],

    "lightningcss-linux-x64-gnu": ["lightningcss-linux-x64-gnu@1.29.1", "", { "os": "linux", "cpu": "x64" }, "sha512-u1S+xdODy/eEtjADqirA774y3jLcm8RPtYztwReEXoZKdzgsHYPl0s5V52Tst+GKzqjebkULT86XMSxejzfISw=="],

    "lightningcss-linux-x64-musl": ["lightningcss-linux-x64-musl@1.29.1", "", { "os": "linux", "cpu": "x64" }, "sha512-L0Tx0DtaNUTzXv0lbGCLB/c/qEADanHbu4QdcNOXLIe1i8i22rZRpbT3gpWYsCh9aSL9zFujY/WmEXIatWvXbw=="],

    "lightningcss-win32-arm64-msvc": ["lightningcss-win32-arm64-msvc@1.29.1", "", { "os": "win32", "cpu": "arm64" }, "sha512-QoOVnkIEFfbW4xPi+dpdft/zAKmgLgsRHfJalEPYuJDOWf7cLQzYg0DEh8/sn737FaeMJxHZRc1oBreiwZCjog=="],

    "lightningcss-win32-x64-msvc": ["lightningcss-win32-x64-msvc@1.29.1", "", { "os": "win32", "cpu": "x64" }, "sha512-NygcbThNBe4JElP+olyTI/doBNGJvLs3bFCRPdvuCcxZCcCZ71B858IHpdm7L1btZex0FvCmM17FK98Y9MRy1Q=="],

    "loupe": ["loupe@3.1.3", "", {}, "sha512-kkIp7XSkP78ZxJEsSxW3712C6teJVoeHHwgo9zJ380de7IYyJ2ISlxojcH2pC5OFLewESmnRi/+XCDIEEVyoug=="],

    "lucide-react": ["lucide-react@0.474.0", "", { "peerDependencies": { "react": "^16.5.1 || ^17.0.0 || ^18.0.0 || ^19.0.0" } }, "sha512-CmghgHkh0OJNmxGKWc0qfPJCYHASPMVSyGY8fj3xgk4v84ItqDg64JNKFZn5hC6E0vHi6gxnbCgwhyVB09wQtA=="],

    "lz-string": ["lz-string@1.5.0", "", { "bin": { "lz-string": "bin/bin.js" } }, "sha512-h5bgJWpxJNswbU7qCrV0tIKQCaS3blPDrqKWx+QxzuzL1zGUzij9XCWLrSLsJPu5t+eWA/ycetzYAO5IOMcWAQ=="],

    "magic-string": ["magic-string@0.30.17", "", { "dependencies": { "@jridgewell/sourcemap-codec": "^1.5.0" } }, "sha512-sNPKHvyjVf7gyjwS4xGTaW/mCnF8wnjtifKBEhxfZ7E/S8tQ0rssrwGNn6q8JH/ohItJfSQp9mBtQYuTlH5QnA=="],

    "ms": ["ms@2.1.3", "", {}, "sha512-6FlzubTLZG3J2a/NVCAleEhjzq5oxgHyaCU9yYXvcLsvoVaHJq/s5xXI6/XXP6tz7R9xAOtHnSO/tXtF3WRTlA=="],

    "nanoid": ["nanoid@5.0.9", "", { "bin": { "nanoid": "bin/nanoid.js" } }, "sha512-Aooyr6MXU6HpvvWXKoVoXwKMs/KyVakWwg7xQfv5/S/RIgJMy0Ifa45H9qqYy7pTCszrHzP21Uk4PZq2HpEM8Q=="],

    "pathe": ["pathe@2.0.2", "", {}, "sha512-15Ztpk+nov8DR524R4BF7uEuzESgzUEAV4Ah7CUMNGXdE5ELuvxElxGXndBl32vMSsWa1jpNf22Z+Er3sKwq+w=="],

    "pathval": ["pathval@2.0.0", "", {}, "sha512-vE7JKRyES09KiunauX7nd2Q9/L7lhok4smP9RZTDeD4MVs72Dp2qNFVz39Nz5a0FVEW0BJR6C0DYrq6unoziZA=="],

    "picocolors": ["picocolors@1.1.1", "", {}, "sha512-xceH2snhtb5M9liqDsmEw56le376mTZkEX/jEb/RxNFyegNul7eNslCXP9FDj/Lcu0X8KEyMceP2ntpaHrDEVA=="],

    "postcss": ["postcss@8.5.1", "", { "dependencies": { "nanoid": "^3.3.8", "picocolors": "^1.1.1", "source-map-js": "^1.2.1" } }, "sha512-6oz2beyjc5VMn/KV1pPw8fliQkhBXrVn1Z3TVyqZxU8kZpzEKhBdmCFqI6ZbmGtamQvQGuU1sgPTk8ZrXDD7jQ=="],

    "pretty-format": ["pretty-format@27.5.1", "", { "dependencies": { "ansi-regex": "^5.0.1", "ansi-styles": "^5.0.0", "react-is": "^17.0.1" } }, "sha512-Qb1gy5OrP5+zDf2Bvnzdl3jsTf1qXVMazbvCoKhtKqVs4/YK4ozX4gKQJJVyNe+cajNPn0KoC0MC3FUmaHWEmQ=="],

    "proxy-compare": ["proxy-compare@3.0.1", "", {}, "sha512-V9plBAt3qjMlS1+nC8771KNf6oJ12gExvaxnNzN/9yVRLdTv/lc+oJlnSzrdYDAvBfTStPCoiaCOTmTs0adv7Q=="],

    "react": ["react@19.0.0", "", {}, "sha512-V8AVnmPIICiWpGfm6GLzCR/W5FXLchHop40W4nXBmdlEceh16rCN8O8LNWm5bh5XUX91fh7KpA+W0TgMKmgTpQ=="],

    "react-dom": ["react-dom@19.0.0", "", { "dependencies": { "scheduler": "^0.25.0" }, "peerDependencies": { "react": "^19.0.0" } }, "sha512-4GV5sHFG0e/0AD4X+ySy6UJd3jVl1iNsNHdpad0qhABJ11twS3TTBnseqsKurKcsNqCEFeGL3uLpVChpIO3QfQ=="],

    "react-is": ["react-is@17.0.2", "", {}, "sha512-w2GsyukL62IJnlaff/nRegPQR94C/XXamvMWmSHRJ4y7Ts/4ocGRmTHvOs8PSE6pB3dWOrD/nueuU5sduBsQ4w=="],

    "react-router": ["react-router@7.1.3", "", { "dependencies": { "@types/cookie": "^0.6.0", "cookie": "^1.0.1", "set-cookie-parser": "^2.6.0", "turbo-stream": "2.4.0" }, "peerDependencies": { "react": ">=18", "react-dom": ">=18" }, "optionalPeers": ["react-dom"] }, "sha512-EezYymLY6Guk/zLQ2vRA8WvdUhWFEj5fcE3RfWihhxXBW7+cd1LsIiA3lmx+KCmneAGQuyBv820o44L2+TtkSA=="],

    "react-router-dom": ["react-router-dom@7.1.3", "", { "dependencies": { "react-router": "7.1.3" }, "peerDependencies": { "react": ">=18", "react-dom": ">=18" } }, "sha512-qQGTE+77hleBzv9SIUIkGRvuFBQGagW+TQKy53UTZAO/3+YFNBYvRsNIZ1GT17yHbc63FylMOdS+m3oUriF1GA=="],

    "regenerator-runtime": ["regenerator-runtime@0.14.1", "", {}, "sha512-dYnhHh0nJoMfnkZs6GmmhFknAGRrLznOu5nc9ML+EJxGvrx6H7teuevqVqCuPcPK//3eDrrjQhehXVx9cnkGdw=="],

    "rollup": ["rollup@4.32.1", "", { "dependencies": { "@types/estree": "1.0.6" }, "optionalDependencies": { "@rollup/rollup-android-arm-eabi": "4.32.1", "@rollup/rollup-android-arm64": "4.32.1", "@rollup/rollup-darwin-arm64": "4.32.1", "@rollup/rollup-darwin-x64": "4.32.1", "@rollup/rollup-freebsd-arm64": "4.32.1", "@rollup/rollup-freebsd-x64": "4.32.1", "@rollup/rollup-linux-arm-gnueabihf": "4.32.1", "@rollup/rollup-linux-arm-musleabihf": "4.32.1", "@rollup/rollup-linux-arm64-gnu": "4.32.1", "@rollup/rollup-linux-arm64-musl": "4.32.1", "@rollup/rollup-linux-loongarch64-gnu": "4.32.1", "@rollup/rollup-linux-powerpc64le-gnu": "4.32.1", "@rollup/rollup-linux-riscv64-gnu": "4.32.1", "@rollup/rollup-linux-s390x-gnu": "4.32.1", "@rollup/rollup-linux-x64-gnu": "4.32.1", "@rollup/rollup-linux-x64-musl": "4.32.1", "@rollup/rollup-win32-arm64-msvc": "4.32.1", "@rollup/rollup-win32-ia32-msvc": "4.32.1", "@rollup/rollup-win32-x64-msvc": "4.32.1", "fsevents": "~2.3.2" }, "bin": { "rollup": "dist/bin/rollup" } }, "sha512-z+aeEsOeEa3mEbS1Tjl6sAZ8NE3+AalQz1RJGj81M+fizusbdDMoEJwdJNHfaB40Scr4qNu+welOfes7maKonA=="],

    "scheduler": ["scheduler@0.25.0", "", {}, "sha512-xFVuu11jh+xcO7JOAGJNOXld8/TcEHK/4CituBUeUb5hqxJLj9YuemAEuvm9gQ/+pgXYfbQuqAkiYu+u7YEsNA=="],

    "set-cookie-parser": ["set-cookie-parser@2.7.1", "", {}, "sha512-IOc8uWeOZgnb3ptbCURJWNjWUPcO3ZnTTdzsurqERrP6nPyv+paC55vJM0LpOlT2ne+Ix+9+CRG1MNLlyZ4GjQ=="],

    "siginfo": ["siginfo@2.0.0", "", {}, "sha512-ybx0WO1/8bSBLEWXZvEd7gMW3Sn3JFlW3TvX1nREbDLRNQNaeNN8WK0meBwPdAaOI7TtRRRJn/Es1zhrrCHu7g=="],

    "signia": ["signia@0.1.5", "", {}, "sha512-ViJpywl7H1W6zRfqbu+86xpSCcuq6tpOen7I+gR8axaiyZP8txRNAoeCsL20UkuqzG/Ybtk0u4C2lawkiwPlnw=="],

    "source-map-js": ["source-map-js@1.2.1", "", {}, "sha512-UXWMKhLOwVKb728IUtQPXxfYU+usdybtUrK/8uGE8CQMvrhOpwvzDBwj0QhSL7MQc7vIsISBG8VQ8+IDQxpfQA=="],

    "stackback": ["stackback@0.0.2", "", {}, "sha512-1XMJE5fQo1jGH6Y/7ebnwPOBEkIEnT4QF32d5R1+VXdXveM0IBMJt8zfaxX1P3QhVwrYe+576+jkANtSS2mBbw=="],

    "std-env": ["std-env@3.8.0", "", {}, "sha512-Bc3YwwCB+OzldMxOXJIIvC6cPRWr/LxOp48CdQTOkPyk/t4JWWJbrilwBd7RJzKV8QW7tJkcgAmeuLLJugl5/w=="],

    "supports-color": ["supports-color@7.2.0", "", { "dependencies": { "has-flag": "^4.0.0" } }, "sha512-qpCAvRl9stuOHveKsn7HncJRvv501qIacKzQlO/+Lwxc9+0q2wLyv4Dfvt80/DPn2pqOBsJdDiogXGR9+OvwRw=="],

    "tailwindcss": ["tailwindcss@4.0.1", "", {}, "sha512-UK5Biiit/e+r3i0O223bisoS5+y7ZT1PM8Ojn0MxRHzXN1VPZ2KY6Lo6fhu1dOfCfyUAlK7Lt6wSxowRabATBw=="],

    "tapable": ["tapable@2.2.1", "", {}, "sha512-GNzQvQTOIP6RyTfE2Qxb8ZVlNmw0n88vp1szwWRimP02mnTsx3Wtn5qRdqY9w2XduFNUgvOwhNnQsjwCp+kqaQ=="],

    "tinybench": ["tinybench@2.9.0", "", {}, "sha512-0+DUvqWMValLmha6lr4kD8iAMK1HzV0/aKnCtWb9v9641TnP/MFb7Pc2bxoxQjTXAErryXVgUOfv2YqNllqGeg=="],

    "tinyexec": ["tinyexec@0.3.2", "", {}, "sha512-KQQR9yN7R5+OSwaK0XQoj22pwHoTlgYqmUscPYoknOoWCWfj/5/ABTMRi69FrKU5ffPVh5QcFikpWJI/P1ocHA=="],

    "tinypool": ["tinypool@1.0.2", "", {}, "sha512-al6n+QEANGFOMf/dmUMsuS5/r9B06uwlyNjZZql/zv8J7ybHCgoihBNORZCY2mzUuAnomQa2JdhyHKzZxPCrFA=="],

    "tinyrainbow": ["tinyrainbow@2.0.0", "", {}, "sha512-op4nsTR47R6p0vMUUoYl/a+ljLFVtlfaXkLQmqfLR1qHma1h/ysYk4hEXZ880bf2CYgTskvTa/e196Vd5dDQXw=="],

    "tinyspy": ["tinyspy@3.0.2", "", {}, "sha512-n1cw8k1k0x4pgA2+9XrOkFydTerNcJ1zWCO5Nn9scWHTD+5tp8dghT2x1uduQePZTZgd3Tupf+x9BxJjeJi77Q=="],

    "turbo-stream": ["turbo-stream@2.4.0", "", {}, "sha512-FHncC10WpBd2eOmGwpmQsWLDoK4cqsA/UT/GqNoaKOQnT8uzhtCbg3EoUDMvqpOSAI0S26mr0rkjzbOO6S3v1g=="],

    "typescript": ["typescript@5.7.3", "", { "bin": { "tsc": "bin/tsc", "tsserver": "bin/tsserver" } }, "sha512-84MVSjMEHP+FQRPy3pX9sTVV/INIex71s9TL2Gm5FG/WG1SqXeKyZ0k7/blY/4FdOzI12CBy1vGc4og/eus0fw=="],

    "undici-types": ["undici-types@6.20.0", "", {}, "sha512-Ny6QZ2Nju20vw1SRHe3d9jVu6gJ+4e3+MMpqu7pqE5HT6WsTSlce++GQmK5UXS8mzV8DSYHrQH+Xrf2jVcuKNg=="],

    "valtio": ["valtio@2.1.3", "", { "dependencies": { "proxy-compare": "^3.0.1" }, "peerDependencies": { "@types/react": ">=18.0.0", "react": ">=18.0.0" }, "optionalPeers": ["@types/react", "react"] }, "sha512-q+dVczY5zf7kO39JPVq2qR0VXMeEpF1t+P1njHU7hAhwgtyVa/p38YmgyHZq2IQYwnkNrkvh412k4sfDmcIJ2g=="],

    "vite": ["vite@6.0.11", "", { "dependencies": { "esbuild": "^0.24.2", "postcss": "^8.4.49", "rollup": "^4.23.0" }, "optionalDependencies": { "fsevents": "~2.3.3" }, "peerDependencies": { "@types/node": "^18.0.0 || ^20.0.0 || >=22.0.0", "jiti": ">=1.21.0", "less": "*", "lightningcss": "^1.21.0", "sass": "*", "sass-embedded": "*", "stylus": "*", "sugarss": "*", "terser": "^5.16.0", "tsx": "^4.8.1", "yaml": "^2.4.2" }, "optionalPeers": ["@types/node", "jiti", "less", "lightningcss", "sass", "sass-embedded", "stylus", "sugarss", "terser", "tsx", "yaml"], "bin": { "vite": "bin/vite.js" } }, "sha512-4VL9mQPKoHy4+FE0NnRE/kbY51TOfaknxAjt3fJbGJxhIpBZiqVzlZDEesWWsuREXHwNdAoOFZ9MkPEVXczHwg=="],

    "vite-node": ["vite-node@3.0.4", "", { "dependencies": { "cac": "^6.7.14", "debug": "^4.4.0", "es-module-lexer": "^1.6.0", "pathe": "^2.0.2", "vite": "^5.0.0 || ^6.0.0" }, "bin": { "vite-node": "vite-node.mjs" } }, "sha512-7JZKEzcYV2Nx3u6rlvN8qdo3QV7Fxyt6hx+CCKz9fbWxdX5IvUOmTWEAxMrWxaiSf7CKGLJQ5rFu8prb/jBjOA=="],

    "vitest": ["vitest@3.0.4", "", { "dependencies": { "@vitest/expect": "3.0.4", "@vitest/mocker": "3.0.4", "@vitest/pretty-format": "^3.0.4", "@vitest/runner": "3.0.4", "@vitest/snapshot": "3.0.4", "@vitest/spy": "3.0.4", "@vitest/utils": "3.0.4", "chai": "^5.1.2", "debug": "^4.4.0", "expect-type": "^1.1.0", "magic-string": "^0.30.17", "pathe": "^2.0.2", "std-env": "^3.8.0", "tinybench": "^2.9.0", "tinyexec": "^0.3.2", "tinypool": "^1.0.2", "tinyrainbow": "^2.0.0", "vite": "^5.0.0 || ^6.0.0", "vite-node": "3.0.4", "why-is-node-running": "^2.3.0" }, "peerDependencies": { "@edge-runtime/vm": "*", "@types/debug": "^4.1.12", "@types/node": "^18.0.0 || ^20.0.0 || >=22.0.0", "@vitest/browser": "3.0.4", "@vitest/ui": "3.0.4", "happy-dom": "*", "jsdom": "*" }, "optionalPeers": ["@edge-runtime/vm", "@types/debug", "@types/node", "@vitest/browser", "@vitest/ui", "happy-dom", "jsdom"], "bin": { "vitest": "vitest.mjs" } }, "sha512-6XG8oTKy2gnJIFTHP6LD7ExFeNLxiTkK3CfMvT7IfR8IN+BYICCf0lXUQmX7i7JoxUP8QmeP4mTnWXgflu4yjw=="],

    "webidl-conversions": ["webidl-conversions@7.0.0", "", {}, "sha512-VwddBukDzu71offAQR975unBIGqfKZpM+8ZX6ySk8nYhVoo5CYaZyzt3YBvYtRtO+aoGlqxPg/B87NGVZ/fu6g=="],

    "whatwg-mimetype": ["whatwg-mimetype@3.0.0", "", {}, "sha512-nt+N2dzIutVRxARx1nghPKGv1xHikU7HKdfafKkLNLindmPU/ch3U31NOCGGA/dmPcmb1VlofO0vnKAcsm0o/Q=="],

    "why-is-node-running": ["why-is-node-running@2.3.0", "", { "dependencies": { "siginfo": "^2.0.0", "stackback": "0.0.2" }, "bin": { "why-is-node-running": "cli.js" } }, "sha512-hUrmaWBdVDcxvYqnyh09zunKzROWjbZTiNy8dBEjkS7ehEDQibXJ7XvlmtbwuTclUiIyN+CyXQD4Vmko8fNm8w=="],

    "zod": ["zod@3.24.1", "", {}, "sha512-muH7gBL9sI1nciMZV67X5fTKKBLtwpZ5VBp1vsOQzj1MhrBZ4wlVCm3gedKZWLp0Oyel8sIGfeiz54Su+OVT+A=="],

    "zustand": ["zustand@5.0.3", "", { "peerDependencies": { "@types/react": ">=18.0.0", "immer": ">=9.0.6", "react": ">=18.0.0", "use-sync-external-store": ">=1.2.0" }, "optionalPeers": ["@types/react", "immer", "react", "use-sync-external-store"] }, "sha512-14fwWQtU3pH4dE0dOpdMiWjddcH+QzKIgk1cl8epwSE7yag43k/AD/m4L6+K7DytAOr9gGBe3/EXj9g7cdostg=="],

    "postcss/nanoid": ["nanoid@3.3.8", "", { "bin": { "nanoid": "bin/nanoid.cjs" } }, "sha512-WNLf5Sd8oZxOm+TzppcYk8gVOgP+l58xNy58D0nbUnOxOWRWvlcCV4kUF7ltmI6PsrLl/BgKEyS4mqsGChFN0w=="],

    "pretty-format/ansi-styles": ["ansi-styles@5.2.0", "", {}, "sha512-Cxwpt2SfTzTtXcfOlzGEee8O+c+MmUgGrNiBcXnuWxuFJHe6a5Hz7qwhwe5OgaSYI0IJvkLqWX1ASG+cJOkEiA=="],
  }
}
